{
    "_readme": [
        "This file locks the dependencies of your project to a known state",
        "Read more about it at https://getcomposer.org/doc/01-basic-usage.md#installing-dependencies",
        "This file is @generated automatically"
    ],
    "content-hash": "3a208d76323a47df4dca2671b7e537cc",
    "packages": [
        {
            "name": "jrmajor/fluent",
            "version": "v0.4.2",
            "source": {
                "type": "git",
                "url": "https://github.com/jrmajor/fluent-php.git",
                "reference": "5c89f9d8852d9285a55c1c3e865fca836098a7ea"
            },
            "dist": {
                "type": "zip",
                "url": "https://api.github.com/repos/jrmajor/fluent-php/zipball/5c89f9d8852d9285a55c1c3e865fca836098a7ea",
                "reference": "5c89f9d8852d9285a55c1c3e865fca836098a7ea",
                "shasum": ""
            },
            "require": {
                "ext-intl": "*",
                "jrmajor/pluralrules": "^1.1",
                "php": "8.1 - 8.2"
            },
            "require-dev": {
                "azjezz/psl": "^2.3",
                "ext-json": "*",
                "ext-simplexml": "*",
                "jrmajor/cs": "^0.4.6",
                "jrmajor/exporter": "dev-master#6ada458",
                "nunomaduro/collision": "^6.3",
                "php-standard-library/psalm-plugin": "^2.2",
                "phpbench/phpbench": "^1.2",
                "phpunit/phpunit": "10.0.x-dev#74bdbf5",
                "psalm/plugin-phpunit": "^0.18.0",
                "sebastian/diff": "5.0.x-dev#7d8cf26 as 4.0.4",
                "symfony/console": "^6.2",
                "symfony/var-dumper": "^6.2",
                "vimeo/psalm": "^5.1"
            },
            "type": "library",
            "autoload": {
                "psr-4": {
                    "Major\\Fluent\\": "src"
                }
            },
            "notification-url": "https://packagist.org/downloads/",
            "license": [
                "MIT"
            ],
            "authors": [
                {
                    "name": "Jeremiasz Major",
                    "email": "jrh.mjr@gmail.com"
                }
            ],
            "description": "Fluent localization system for PHP",
            "homepage": "https://github.com/jrmajor/fluent-php",
            "keywords": [
                "ast",
                "ftl",
                "gender",
                "i18n",
                "internationalization",
                "l10n",
                "language",
                "locale",
                "localization",
                "mozilla",
                "parser",
                "plural",
                "translation",
                "translator"
            ],
            "support": {
                "issues": "https://github.com/jrmajor/fluent-php/issues",
                "source": "https://github.com/jrmajor/fluent-php/tree/v0.4.2"
            },
            "funding": [
                {
                    "url": "https://github.com/jrmajor",
                    "type": "github"
                }
            ],
            "time": "2022-12-26T14:52:54+00:00"
        },
        {
            "name": "jrmajor/pluralrules",
            "version": "v1.1.2",
            "source": {
                "type": "git",
                "url": "https://github.com/jrmajor/pluralrules.git",
                "reference": "31e74e7df48e5c182e8f9c85684940e9937bb45d"
            },
            "dist": {
                "type": "zip",
                "url": "https://api.github.com/repos/jrmajor/pluralrules/zipball/31e74e7df48e5c182e8f9c85684940e9937bb45d",
                "reference": "31e74e7df48e5c182e8f9c85684940e9937bb45d",
                "shasum": ""
            },
            "require": {
                "ext-intl": "*",
                "php": "8.1 - 8.3"
            },
            "require-dev": {
                "azjezz/psl": "^2.8",
                "hoa/compiler": "~3.17",
                "jrmajor/cs": "^0.5.4",
                "nette/php-generator": "^4.1",
                "nunomaduro/collision": "^7.10",
                "php-standard-library/phpstan-extension": "^1.0",
                "phpstan/phpstan": "^1.10",
                "phpunit/phpunit": "^10.4",
                "symfony/console": "^6.3",
                "symfony/var-dumper": "^6.3",
                "vaimo/composer-patches": "^5.1"
            },
            "type": "library",
            "extra": {
                "patcher": {
                    "search": "patches"
                }
            },
            "autoload": {
                "files": [
                    "src/operands.php",
                    "src/operators.php"
                ],
                "psr-4": {
                    "Major\\PluralRules\\": "src"
                }
            },
            "notification-url": "https://packagist.org/downloads/",
            "license": [
                "MIT"
            ],
            "authors": [
                {
                    "name": "Jeremiasz Major",
                    "email": "jrh.mjr@gmail.com"
                }
            ],
            "description": "Identify plural categories according to CLDR",
            "homepage": "https://github.com/jrmajor/pluralrules",
            "keywords": [
                "cldr",
                "i18n",
                "internationalization",
                "l10n",
                "language",
                "locale",
                "localization",
                "plural",
                "plural categories",
                "plural rules"
            ],
            "support": {
                "issues": "https://github.com/jrmajor/pluralrules/issues",
                "source": "https://github.com/jrmajor/pluralrules/tree/v1.1.2"
            },
            "funding": [
                {
                    "url": "https://github.com/jrmajor",
                    "type": "github"
                }
            ],
            "time": "2023-11-24T23:41:05+00:00"
        },
        {
            "name": "tecnickcom/tcpdf",
            "version": "6.6.5",
            "source": {
                "type": "git",
                "url": "https://github.com/tecnickcom/TCPDF.git",
                "reference": "5fce932fcee4371865314ab7f6c0d85423c5c7ce"
            },
            "dist": {
                "type": "zip",
                "url": "https://api.github.com/repos/tecnickcom/TCPDF/zipball/5fce932fcee4371865314ab7f6c0d85423c5c7ce",
                "reference": "5fce932fcee4371865314ab7f6c0d85423c5c7ce",
                "shasum": ""
            },
            "require": {
                "php": ">=5.3.0"
            },
            "type": "library",
            "autoload": {
                "classmap": [
                    "config",
                    "include",
                    "tcpdf.php",
                    "tcpdf_parser.php",
                    "tcpdf_import.php",
                    "tcpdf_barcodes_1d.php",
                    "tcpdf_barcodes_2d.php",
                    "include/tcpdf_colors.php",
                    "include/tcpdf_filters.php",
                    "include/tcpdf_font_data.php",
                    "include/tcpdf_fonts.php",
                    "include/tcpdf_images.php",
                    "include/tcpdf_static.php",
                    "include/barcodes/datamatrix.php",
                    "include/barcodes/pdf417.php",
                    "include/barcodes/qrcode.php"
                ]
            },
            "notification-url": "https://packagist.org/downloads/",
            "license": [
                "LGPL-3.0-or-later"
            ],
            "authors": [
                {
                    "name": "Nicola Asuni",
                    "email": "info@tecnick.com",
                    "role": "lead"
                }
            ],
            "description": "TCPDF is a PHP class for generating PDF documents and barcodes.",
            "homepage": "http://www.tcpdf.org/",
            "keywords": [
                "PDFD32000-2008",
                "TCPDF",
                "barcodes",
                "datamatrix",
                "pdf",
                "pdf417",
                "qrcode"
            ],
            "support": {
                "issues": "https://github.com/tecnickcom/TCPDF/issues",
                "source": "https://github.com/tecnickcom/TCPDF/tree/6.6.5"
            },
            "funding": [
                {
                    "url": "https://www.paypal.com/cgi-bin/webscr?cmd=_donations&currency_code=GBP&business=paypal@tecnick.com&item_name=donation%20for%20tcpdf%20project",
                    "type": "custom"
                }
            ],
            "time": "2023-09-06T15:09:26+00:00"
        }
    ],
    "packages-dev": [],
    "aliases": [],
    "minimum-stability": "stable",
    "stability-flags": [],
    "prefer-stable": false,
    "prefer-lowest": false,
    "platform": [],
    "platform-dev": [],
    "plugin-api-version": "2.6.0"
}
